
Microsoft Visual Studio Solution File, Format Version 12.00
# Visual Studio Version 17
VisualStudioVersion = 17.4.33122.133
MinimumVisualStudioVersion = 10.0.40219.1
Project("{FAE04EC0-301F-11D3-BF4B-00C04F79EFBC}") = "learningcs", "learningcs\learningcs.csproj", "{D919CF58-B46B-45B8-A38B-0D59AF1DFB6B}"
EndProject
Global
	GlobalSection(SolutionConfigurationPlatforms) = preSolution
		Debug|Any CPU = Debug|Any CPU
		Release|Any CPU = Release|Any CPU
	EndGlobalSection
	GlobalSection(ProjectConfigurationPlatforms) = postSolution
		{D919CF58-B46B-45B8-A38B-0D59AF1DFB6B}.Debug|Any CPU.ActiveCfg = Debug|Any CPU
		{D919CF58-B46B-45B8-A38B-0D59AF1DFB6B}.Debug|Any CPU.Build.0 = Debug|Any CPU
		{D919CF58-B46B-45B8-A38B-0D59AF1DFB6B}.Release|Any CPU.ActiveCfg = Release|Any CPU
		{D919CF58-B46B-45B8-A38B-0D59AF1DFB6B}.Release|Any CPU.Build.0 = Release|Any CPU
	EndGlobalSection
	GlobalSection(SolutionProperties) = preSolution
		HideSolutionNode = FALSE
	EndGlobalSection
	GlobalSection(ExtensibilityGlobals) = postSolution
		SolutionGuid = {36B01043-E8B4-4379-9C09-04D918E5C254}
	EndGlobalSection
EndGlobal
